
Microsoft Visual Studio Solution File, Format Version 12.00
# Visual Studio Version 16
VisualStudioVersion = 16.0.32630.194
MinimumVisualStudioVersion = 10.0.40219.1
Project("{9A19103F-16F7-4668-BE54-9A1E7A4F7556}") = "Hello softuni", "Hello softuni\Hello softuni.csproj", "{DC278799-5974-4679-ADAE-055EBCBC691B}"
EndProject
Project("{9A19103F-16F7-4668-BE54-9A1E7A4F7556}") = "02. Nums 1to10", "02. Nums 1to10\02. Nums 1to10.csproj", "{84BAFF57-E84B-4CAB-8F58-436505D75221}"
EndProject
Project("{9A19103F-16F7-4668-BE54-9A1E7A4F7556}") = "03. Rectangle Area", "03. Rectangle Area\03. Rectangle Area.csproj", "{C99A7DFA-E4C8-4B9C-A483-8487D09E4E38}"
EndProject
Project("{9A19103F-16F7-4668-BE54-9A1E7A4F7556}") = "04. Inches to Centimeters", "04. Inches to Centimeters\04. Inches to Centimeters.csproj", "{DA67EBD0-2E06-4763-8BB8-5E0918842F17}"
EndProject
Project("{9A19103F-16F7-4668-BE54-9A1E7A4F7556}") = "05. Greeting by Name", "05. Greeting by Name\05. Greeting by Name.csproj", "{525241F2-5F3B-43ED-B78D-9C9ACAC78066}"
EndProject
Project("{FAE04EC0-301F-11D3-BF4B-00C04F79EFBC}") = "06. Concatenate Data", "06. Concatenate Data\06. Concatenate Data.csproj", "{3310BF69-EF1A-435B-8BB8-30E3D06553CF}"
EndProject
Project("{FAE04EC0-301F-11D3-BF4B-00C04F79EFBC}") = "07. Projects Creation", "07. Projects Creation\07. Projects Creation.csproj", "{1C48E121-B439-43EC-A56D-EBC6F7483B49}"
EndProject
Project("{FAE04EC0-301F-11D3-BF4B-00C04F79EFBC}") = "08. Pet Shop", "08. Pet Shop\08. Pet Shop.csproj", "{03243DF5-ED36-4C8E-B2FF-5C98B0168011}"
EndProject
Project("{FAE04EC0-301F-11D3-BF4B-00C04F79EFBC}") = "08. Pet Shop - 2", "08. Pet Shop - 2\08. Pet Shop - 2.csproj", "{F205718F-990F-4912-994C-2438CBB77787}"
EndProject
Project("{FAE04EC0-301F-11D3-BF4B-00C04F79EFBC}") = "09. Yard Greening", "09. Yard Greening\09. Yard Greening.csproj", "{1DAF7A93-60C8-4FB2-81C1-9585D0F4A102}"
EndProject
Global
	GlobalSection(SolutionConfigurationPlatforms) = preSolution
		Debug|Any CPU = Debug|Any CPU
		Release|Any CPU = Release|Any CPU
	EndGlobalSection
	GlobalSection(ProjectConfigurationPlatforms) = postSolution
		{DC278799-5974-4679-ADAE-055EBCBC691B}.Debug|Any CPU.ActiveCfg = Debug|Any CPU
		{DC278799-5974-4679-ADAE-055EBCBC691B}.Debug|Any CPU.Build.0 = Debug|Any CPU
		{DC278799-5974-4679-ADAE-055EBCBC691B}.Release|Any CPU.ActiveCfg = Release|Any CPU
		{DC278799-5974-4679-ADAE-055EBCBC691B}.Release|Any CPU.Build.0 = Release|Any CPU
		{84BAFF57-E84B-4CAB-8F58-436505D75221}.Debug|Any CPU.ActiveCfg = Debug|Any CPU
		{84BAFF57-E84B-4CAB-8F58-436505D75221}.Debug|Any CPU.Build.0 = Debug|Any CPU
		{84BAFF57-E84B-4CAB-8F58-436505D75221}.Release|Any CPU.ActiveCfg = Release|Any CPU
		{84BAFF57-E84B-4CAB-8F58-436505D75221}.Release|Any CPU.Build.0 = Release|Any CPU
		{C99A7DFA-E4C8-4B9C-A483-8487D09E4E38}.Debug|Any CPU.ActiveCfg = Debug|Any CPU
		{C99A7DFA-E4C8-4B9C-A483-8487D09E4E38}.Debug|Any CPU.Build.0 = Debug|Any CPU
		{C99A7DFA-E4C8-4B9C-A483-8487D09E4E38}.Release|Any CPU.ActiveCfg = Release|Any CPU
		{C99A7DFA-E4C8-4B9C-A483-8487D09E4E38}.Release|Any CPU.Build.0 = Release|Any CPU
		{DA67EBD0-2E06-4763-8BB8-5E0918842F17}.Debug|Any CPU.ActiveCfg = Debug|Any CPU
		{DA67EBD0-2E06-4763-8BB8-5E0918842F17}.Debug|Any CPU.Build.0 = Debug|Any CPU
		{DA67EBD0-2E06-4763-8BB8-5E0918842F17}.Release|Any CPU.ActiveCfg = Release|Any CPU
		{DA67EBD0-2E06-4763-8BB8-5E0918842F17}.Release|Any CPU.Build.0 = Release|Any CPU
		{525241F2-5F3B-43ED-B78D-9C9ACAC78066}.Debug|Any CPU.ActiveCfg = Debug|Any CPU
		{525241F2-5F3B-43ED-B78D-9C9ACAC78066}.Debug|Any CPU.Build.0 = Debug|Any CPU
		{525241F2-5F3B-43ED-B78D-9C9ACAC78066}.Release|Any CPU.ActiveCfg = Release|Any CPU
		{525241F2-5F3B-43ED-B78D-9C9ACAC78066}.Release|Any CPU.Build.0 = Release|Any CPU
		{3310BF69-EF1A-435B-8BB8-30E3D06553CF}.Debug|Any CPU.ActiveCfg = Debug|Any CPU
		{3310BF69-EF1A-435B-8BB8-30E3D06553CF}.Debug|Any CPU.Build.0 = Debug|Any CPU
		{3310BF69-EF1A-435B-8BB8-30E3D06553CF}.Release|Any CPU.ActiveCfg = Release|Any CPU
		{3310BF69-EF1A-435B-8BB8-30E3D06553CF}.Release|Any CPU.Build.0 = Release|Any CPU
		{1C48E121-B439-43EC-A56D-EBC6F7483B49}.Debug|Any CPU.ActiveCfg = Debug|Any CPU
		{1C48E121-B439-43EC-A56D-EBC6F7483B49}.Debug|Any CPU.Build.0 = Debug|Any CPU
		{1C48E121-B439-43EC-A56D-EBC6F7483B49}.Release|Any CPU.ActiveCfg = Release|Any CPU
		{1C48E121-B439-43EC-A56D-EBC6F7483B49}.Release|Any CPU.Build.0 = Release|Any CPU
		{03243DF5-ED36-4C8E-B2FF-5C98B0168011}.Debug|Any CPU.ActiveCfg = Debug|Any CPU
		{03243DF5-ED36-4C8E-B2FF-5C98B0168011}.Debug|Any CPU.Build.0 = Debug|Any CPU
		{03243DF5-ED36-4C8E-B2FF-5C98B0168011}.Release|Any CPU.ActiveCfg = Release|Any CPU
		{03243DF5-ED36-4C8E-B2FF-5C98B0168011}.Release|Any CPU.Build.0 = Release|Any CPU
		{F205718F-990F-4912-994C-2438CBB77787}.Debug|Any CPU.ActiveCfg = Debug|Any CPU
		{F205718F-990F-4912-994C-2438CBB77787}.Debug|Any CPU.Build.0 = Debug|Any CPU
		{F205718F-990F-4912-994C-2438CBB77787}.Release|Any CPU.ActiveCfg = Release|Any CPU
		{F205718F-990F-4912-994C-2438CBB77787}.Release|Any CPU.Build.0 = Release|Any CPU
		{1DAF7A93-60C8-4FB2-81C1-9585D0F4A102}.Debug|Any CPU.ActiveCfg = Debug|Any CPU
		{1DAF7A93-60C8-4FB2-81C1-9585D0F4A102}.Debug|Any CPU.Build.0 = Debug|Any CPU
		{1DAF7A93-60C8-4FB2-81C1-9585D0F4A102}.Release|Any CPU.ActiveCfg = Release|Any CPU
		{1DAF7A93-60C8-4FB2-81C1-9585D0F4A102}.Release|Any CPU.Build.0 = Release|Any CPU
	EndGlobalSection
	GlobalSection(SolutionProperties) = preSolution
		HideSolutionNode = FALSE
	EndGlobalSection
	GlobalSection(ExtensibilityGlobals) = postSolution
		SolutionGuid = {E68CEFEA-BD5E-4E83-9624-706893723F6C}
	EndGlobalSection
EndGlobal
